{
  "name": "node-uptime",
  "version": "3.2.0",
  "dependencies": {
    "mongoose": {
      "version": "3.6.7",
      "from": "mongoose@3.6.7",
      "resolved": "https://registry.npmjs.org/mongoose/-/mongoose-3.6.7.tgz",
      "dependencies": {
        "hooks": {
          "version": "0.2.1",
          "from": "hooks@0.2.1",
          "resolved": "https://registry.npmjs.org/hooks/-/hooks-0.2.1.tgz"
        },
        "mongodb": {
          "version": "1.2.14",
          "from": "mongodb@1.2.14",
          "resolved": "https://registry.npmjs.org/mongodb/-/mongodb-1.2.14.tgz",
          "dependencies": {
            "bson": {
              "version": "0.1.8",
              "from": "bson@0.1.8",
              "resolved": "https://registry.npmjs.org/bson/-/bson-0.1.8.tgz"
            }
          }
        },
        "ms": {
          "version": "0.1.0",
          "from": "ms@0.1.0",
          "resolved": "https://registry.npmjs.org/ms/-/ms-0.1.0.tgz"
        },
        "sliced": {
          "version": "0.0.3",
          "from": "sliced@0.0.3",
          "resolved": "https://registry.npmjs.org/sliced/-/sliced-0.0.3.tgz"
        },
        "muri": {
          "version": "0.3.1",
          "from": "muri@0.3.1",
          "resolved": "https://registry.npmjs.org/muri/-/muri-0.3.1.tgz"
        },
        "mpromise": {
          "version": "0.2.1",
          "from": "mpromise@0.2.1",
          "resolved": "https://registry.npmjs.org/mpromise/-/mpromise-0.2.1.tgz",
          "dependencies": {
            "sliced": {
              "version": "0.0.4",
              "from": "sliced@0.0.4",
              "resolved": "https://registry.npmjs.org/sliced/-/sliced-0.0.4.tgz"
            }
          }
        },
        "mpath": {
          "version": "0.1.1",
          "from": "mpath@0.1.1",
          "resolved": "https://registry.npmjs.org/mpath/-/mpath-0.1.1.tgz"
        }
      }
    },
    "mongoose-lifecycle": {
      "version": "1.0.0",
      "from": "mongoose-lifecycle@1.0.0",
      "resolved": "https://registry.npmjs.org/mongoose-lifecycle/-/mongoose-lifecycle-1.0.0.tgz"
    },
    "express": {
      "version": "3.2.0",
      "from": "express@3.2.0",
      "dependencies": {
        "connect": {
          "version": "2.7.6",
          "from": "connect@2.7.6",
          "resolved": "https://registry.npmjs.org/connect/-/connect-2.7.6.tgz",
          "dependencies": {
            "qs": {
              "version": "0.5.1",
              "from": "qs@0.5.1",
              "resolved": "https://registry.npmjs.org/qs/-/qs-0.5.1.tgz"
            },
            "formidable": {
              "version": "1.0.11",
              "from": "formidable@1.0.11",
              "resolved": "https://registry.npmjs.org/formidable/-/formidable-1.0.11.tgz"
            },
            "buffer-crc32": {
              "version": "0.1.1",
              "from": "buffer-crc32@0.1.1",
              "resolved": "https://registry.npmjs.org/buffer-crc32/-/buffer-crc32-0.1.1.tgz"
            },
            "bytes": {
              "version": "0.2.0",
              "from": "bytes@0.2.0",
              "resolved": "https://registry.npmjs.org/bytes/-/bytes-0.2.0.tgz"
            },
            "pause": {
              "version": "0.0.1",
              "from": "pause@0.0.1"
            }
          }
        },
        "commander": {
          "version": "0.6.1",
          "from": "commander@0.6.1",
          "resolved": "https://registry.npmjs.org/commander/-/commander-0.6.1.tgz"
        },
        "range-parser": {
          "version": "0.0.4",
          "from": "range-parser@0.0.4",
          "resolved": "https://registry.npmjs.org/range-parser/-/range-parser-0.0.4.tgz"
        },
        "mkdirp": {
          "version": "0.3.5",
          "from": "mkdirp@~0.3.4",
          "resolved": "https://registry.npmjs.org/mkdirp/-/mkdirp-0.3.5.tgz"
        },
        "cookie": {
          "version": "0.0.5",
          "from": "cookie@0.0.5",
          "resolved": "https://registry.npmjs.org/cookie/-/cookie-0.0.5.tgz"
        },
        "buffer-crc32": {
          "version": "0.2.1",
          "from": "buffer-crc32@~0.2.1",
          "resolved": "https://registry.npmjs.org/buffer-crc32/-/buffer-crc32-0.2.1.tgz"
        },
        "fresh": {
          "version": "0.1.0",
          "from": "fresh@0.1.0",
          "resolved": "https://registry.npmjs.org/fresh/-/fresh-0.1.0.tgz"
        },
        "methods": {
          "version": "0.0.1",
          "from": "methods@0.0.1",
          "resolved": "https://registry.npmjs.org/methods/-/methods-0.0.1.tgz"
        },
        "send": {
          "version": "0.1.0",
          "from": "send@0.1.0",
          "resolved": "https://registry.npmjs.org/send/-/send-0.1.0.tgz",
          "dependencies": {
            "mime": {
              "version": "1.2.6",
              "from": "mime@1.2.6",
              "resolved": "https://registry.npmjs.org/mime/-/mime-1.2.6.tgz"
            }
          }
        },
        "cookie-signature": {
          "version": "1.0.1",
          "from": "cookie-signature@1.0.1",
          "resolved": "https://registry.npmjs.org/cookie-signature/-/cookie-signature-1.0.1.tgz"
        },
        "debug": {
          "version": "0.7.2",
          "from": "debug@*"
        }
      }
    },
    "express-partials": {
      "version": "0.0.6",
      "from": "express-partials@0.0.6",
      "resolved": "https://registry.npmjs.org/express-partials/-/express-partials-0.0.6.tgz"
    },
    "connect-flash": {
      "version": "0.1.0",
      "from": "connect-flash@0.1.0",
      "resolved": "https://registry.npmjs.org/connect-flash/-/connect-flash-0.1.0.tgz"
    },
    "ejs": {
      "version": "0.8.3",
      "from": "ejs@0.8.3",
      "resolved": "https://registry.npmjs.org/ejs/-/ejs-0.8.3.tgz"
    },
    "config": {
      "version": "0.4.15",
      "from": "config@0.4.15",
      "resolved": "https://registry.npmjs.org/config/-/config-0.4.15.tgz",
      "dependencies": {
        "js-yaml": {
          "version": "0.3.7",
          "from": "js-yaml@0.3.x",
          "resolved": "https://registry.npmjs.org/js-yaml/-/js-yaml-0.3.7.tgz"
        },
        "coffee-script": {
          "version": "1.6.3",
          "from": "coffee-script@>=1.2.0",
          "resolved": "https://registry.npmjs.org/coffee-script/-/coffee-script-1.6.3.tgz"
        },
        "vows": {
          "version": "0.7.0",
          "from": "vows@>=0.5.13",
          "resolved": "https://registry.npmjs.org/vows/-/vows-0.7.0.tgz",
          "dependencies": {
            "eyes": {
              "version": "0.1.8",
              "from": "eyes@>=0.1.6",
              "resolved": "https://registry.npmjs.org/eyes/-/eyes-0.1.8.tgz"
            },
            "diff": {
              "version": "1.0.5",
              "from": "diff@~1.0.3",
              "resolved": "https://registry.npmjs.org/diff/-/diff-1.0.5.tgz"
            }
          }
        }
      }
    },
    "async": {
      "version": "0.1.22",
      "from": "async@0.1.22",
      "resolved": "https://registry.npmjs.org/async/-/async-0.1.22.tgz"
    },
    "socket.io": {
      "version": "0.9.14",
      "from": "socket.io@0.9.14",
      "resolved": "https://registry.npmjs.org/socket.io/-/socket.io-0.9.14.tgz",
      "dependencies": {
        "socket.io-client": {
          "version": "0.9.11",
          "from": "socket.io-client@0.9.11",
          "resolved": "https://registry.npmjs.org/socket.io-client/-/socket.io-client-0.9.11.tgz",
          "dependencies": {
            "uglify-js": {
              "version": "1.2.5",
              "from": "uglify-js@1.2.5",
              "resolved": "https://registry.npmjs.org/uglify-js/-/uglify-js-1.2.5.tgz"
            },
            "ws": {
              "version": "0.4.28",
              "from": "ws@0.4.x",
              "resolved": "https://registry.npmjs.org/ws/-/ws-0.4.28.tgz",
              "dependencies": {
                "commander": {
                  "version": "0.6.1",
                  "from": "commander@~0.6.1"
                },
                "tinycolor": {
                  "version": "0.0.1",
                  "from": "tinycolor@0.x",
                  "resolved": "https://registry.npmjs.org/tinycolor/-/tinycolor-0.0.1.tgz"
                },
                "options": {
                  "version": "0.0.5",
                  "from": "options@>=0.0.5",
                  "resolved": "https://registry.npmjs.org/options/-/options-0.0.5.tgz"
                }
              }
            },
            "xmlhttprequest": {
              "version": "1.4.2",
              "from": "xmlhttprequest@1.4.2",
              "resolved": "https://registry.npmjs.org/xmlhttprequest/-/xmlhttprequest-1.4.2.tgz"
            },
            "active-x-obfuscator": {
              "version": "0.0.1",
              "from": "active-x-obfuscator@0.0.1",
              "resolved": "https://registry.npmjs.org/active-x-obfuscator/-/active-x-obfuscator-0.0.1.tgz",
              "dependencies": {
                "zeparser": {
                  "version": "0.0.5",
                  "from": "zeparser@0.0.5",
                  "resolved": "https://registry.npmjs.org/zeparser/-/zeparser-0.0.5.tgz"
                }
              }
            }
          }
        },
        "policyfile": {
          "version": "0.0.4",
          "from": "policyfile@0.0.4",
          "resolved": "https://registry.npmjs.org/policyfile/-/policyfile-0.0.4.tgz"
        },
        "base64id": {
          "version": "0.1.0",
          "from": "base64id@0.1.0",
          "resolved": "https://registry.npmjs.org/base64id/-/base64id-0.1.0.tgz"
        },
        "redis": {
          "version": "0.7.3",
          "from": "redis@0.7.3",
          "resolved": "https://registry.npmjs.org/redis/-/redis-0.7.3.tgz"
        }
      }
    },
    "semver": {
      "version": "1.1.0",
      "from": "semver@1.1.0",
      "resolved": "https://registry.npmjs.org/semver/-/semver-1.1.0.tgz"
    },
    "moment": {
      "version": "2.1.0",
      "from": "moment@2.1.0"
    },
    "nodemailer": {
      "version": "0.3.35",
      "from": "nodemailer@0.3.35",
      "dependencies": {
        "mailcomposer": {
          "version": "0.2.1",
          "from": "mailcomposer@>= 0.1.27",
          "dependencies": {
            "mimelib": {
              "version": "0.2.12",
              "from": "mimelib@~0.2",
              "resolved": "https://registry.npmjs.org/mimelib/-/mimelib-0.2.12.tgz",
              "dependencies": {
                "encoding": {
                  "version": "0.1.6",
                  "from": "encoding@~0.1",
                  "resolved": "https://registry.npmjs.org/encoding/-/encoding-0.1.6.tgz",
                  "dependencies": {
                    "iconv-lite": {
                      "version": "0.2.7",
                      "from": "iconv-lite@0.2.7",
                      "resolved": "https://registry.npmjs.org/iconv-lite/-/iconv-lite-0.2.7.tgz"
                    }
                  }
                },
                "addressparser": {
                  "version": "0.1.3",
                  "from": "addressparser@~0.1",
                  "resolved": "https://registry.npmjs.org/addressparser/-/addressparser-0.1.3.tgz"
                }
              }
            },
            "mime": {
              "version": "1.2.9",
              "from": "mime@1.2.9",
              "resolved": "https://registry.npmjs.org/mime/-/mime-1.2.9.tgz"
            }
          }
        },
        "simplesmtp": {
          "version": "0.3.7",
          "from": "simplesmtp@>= 0.1.22",
          "resolved": "https://registry.npmjs.org/simplesmtp/-/simplesmtp-0.3.7.tgz",
          "dependencies": {
            "rai": {
              "version": "0.1.7",
              "from": "rai@~0.1",
              "resolved": "https://registry.npmjs.org/rai/-/rai-0.1.7.tgz"
            },
            "xoauth2": {
              "version": "0.1.8",
              "from": "xoauth2@~0.1",
              "resolved": "https://registry.npmjs.org/xoauth2/-/xoauth2-0.1.8.tgz"
            }
          }
        },
        "optimist": {
          "version": "0.6.0",
          "from": "optimist@*",
          "dependencies": {
            "wordwrap": {
              "version": "0.0.2",
              "from": "wordwrap@~0.0.2"
            },
            "minimist": {
              "version": "0.0.1",
              "from": "minimist@~0.0.1",
              "resolved": "https://registry.npmjs.org/minimist/-/minimist-0.0.1.tgz"
            }
          }
        }
      }
    },
    "js-yaml": {
      "version": "2.1.0",
      "from": "js-yaml@2.1.0",
      "dependencies": {
        "argparse": {
          "version": "0.1.15",
          "from": "argparse@~ 0.1.11",
          "resolved": "https://registry.npmjs.org/argparse/-/argparse-0.1.15.tgz",
          "dependencies": {
            "underscore": {
              "version": "1.4.4",
              "from": "underscore@~1.4.3",
              "resolved": "https://registry.npmjs.org/underscore/-/underscore-1.4.4.tgz"
            },
            "underscore.string": {
              "version": "2.3.3",
              "from": "underscore.string@~2.3.1",
              "resolved": "https://registry.npmjs.org/underscore.string/-/underscore.string-2.3.3.tgz"
            }
          }
        },
        "esprima": {
          "version": "1.0.3",
          "from": "esprima@~ 1.0.2"
        }
      }
    }
  }
}
